
Microsoft Visual Studio Solution File, Format Version 12.00
Project("{FAE04EC0-301F-11D3-BF4B-00C04F79EFBC}") = "acme-back", "acme-back\acme-back.csproj", "{CAB41735-E2A2-49C6-9D00-2F0BFBBC98B9}"
EndProject
Global
	GlobalSection(SolutionConfigurationPlatforms) = preSolution
		Debug|Any CPU = Debug|Any CPU
		Release|Any CPU = Release|Any CPU
	EndGlobalSection
	GlobalSection(ProjectConfigurationPlatforms) = postSolution
		{CAB41735-E2A2-49C6-9D00-2F0BFBBC98B9}.Debug|Any CPU.ActiveCfg = Debug|Any CPU
		{CAB41735-E2A2-49C6-9D00-2F0BFBBC98B9}.Debug|Any CPU.Build.0 = Debug|Any CPU
		{CAB41735-E2A2-49C6-9D00-2F0BFBBC98B9}.Release|Any CPU.ActiveCfg = Release|Any CPU
		{CAB41735-E2A2-49C6-9D00-2F0BFBBC98B9}.Release|Any CPU.Build.0 = Release|Any CPU
	EndGlobalSection
EndGlobal
